// !$*UTF8*$!
{
	archiveVersion = 1;
	classes = {
	};
	objectVersion = 46;
	objects = {

/* Begin PBXBuildFile section */
		245D0F1E1C87884A004E14EB /* AppDelegate.swift in Sources */ = {isa = PBXBuildFile; fileRef = 245D0F1D1C87884A004E14EB /* AppDelegate.swift */; };
		245D0F201C87884A004E14EB /* ViewController.swift in Sources */ = {isa = PBXBuildFile; fileRef = 245D0F1F1C87884A004E14EB /* ViewController.swift */; };
		245D0F231C87884A004E14EB /* Main.storyboard in Resources */ = {isa = PBXBuildFile; fileRef = 245D0F211C87884A004E14EB /* Main.storyboard */; };
		245D0F261C87884A004E14EB /* T1E02.xcdatamodeld in Sources */ = {isa = PBXBuildFile; fileRef = 245D0F241C87884A004E14EB /* T1E02.xcdatamodeld */; };
		245D0F281C87884A004E14EB /* Assets.xcassets in Resources */ = {isa = PBXBuildFile; fileRef = 245D0F271C87884A004E14EB /* Assets.xcassets */; };
		245D0F2B1C87884A004E14EB /* LaunchScreen.storyboard in Resources */ = {isa = PBXBuildFile; fileRef = 245D0F291C87884A004E14EB /* LaunchScreen.storyboard */; };
		245D0F361C87884B004E14EB /* T1E02Tests.swift in Sources */ = {isa = PBXBuildFile; fileRef = 245D0F351C87884B004E14EB /* T1E02Tests.swift */; };
		245D0F411C87884B004E14EB /* T1E02UITests.swift in Sources */ = {isa = PBXBuildFile; fileRef = 245D0F401C87884B004E14EB /* T1E02UITests.swift */; };
/* End PBXBuildFile section */

/* Begin PBXContainerItemProxy section */
		245D0F321C87884B004E14EB /* PBXContainerItemProxy */ = {
			isa = PBXContainerItemProxy;
			containerPortal = 245D0F121C87884A004E14EB /* Project object */;
			proxyType = 1;
			remoteGlobalIDString = 245D0F191C87884A004E14EB;
			remoteInfo = T1E02;
		};
		245D0F3D1C87884B004E14EB /* PBXContainerItemProxy */ = {
			isa = PBXContainerItemProxy;
			containerPortal = 245D0F121C87884A004E14EB /* Project object */;
			proxyType = 1;
			remoteGlobalIDString = 245D0F191C87884A004E14EB;
			remoteInfo = T1E02;
		};
/* End PBXContainerItemProxy section */

/* Begin PBXFileReference section */
		245D0F1A1C87884A004E14EB /* T1E02.app */ = {isa = PBXFileReference; explicitFileType = wrapper.application; includeInIndex = 0; path = T1E02.app; sourceTree = BUILT_PRODUCTS_DIR; };
		245D0F1D1C87884A004E14EB /* AppDelegate.swift */ = {isa = PBXFileReference; lastKnownFileType = sourcecode.swift; path = AppDelegate.swift; sourceTree = "<group>"; };
		245D0F1F1C87884A004E14EB /* ViewController.swift */ = {isa = PBXFileReference; lastKnownFileType = sourcecode.swift; path = ViewController.swift; sourceTree = "<group>"; };
		245D0F221C87884A004E14EB /* Base */ = {isa = PBXFileReference; lastKnownFileType = file.storyboard; name = Base; path = Base.lproj/Main.storyboard; sourceTree = "<group>"; };
		245D0F251C87884A004E14EB /* T1E02.xcdatamodel */ = {isa = PBXFileReference; lastKnownFileType = wrapper.xcdatamodel; path = T1E02.xcdatamodel; sourceTree = "<group>"; };
		245D0F271C87884A004E14EB /* Assets.xcassets */ = {isa = PBXFileReference; lastKnownFileType = folder.assetcatalog; path = Assets.xcassets; sourceTree = "<group>"; };
		245D0F2A1C87884A004E14EB /* Base */ = {isa = PBXFileReference; lastKnownFileType = file.storyboard; name = Base; path = Base.lproj/LaunchScreen.storyboard; sourceTree = "<group>"; };
		245D0F2C1C87884A004E14EB /* Info.plist */ = {isa = PBXFileReference; lastKnownFileType = text.plist.xml; path = Info.plist; sourceTree = "<group>"; };
		245D0F311C87884B004E14EB /* T1E02Tests.xctest */ = {isa = PBXFileReference; explicitFileType = wrapper.cfbundle; includeInIndex = 0; path = T1E02Tests.xctest; sourceTree = BUILT_PRODUCTS_DIR; };
		245D0F351C87884B004E14EB /* T1E02Tests.swift */ = {isa = PBXFileReference; lastKnownFileType = sourcecode.swift; path = T1E02Tests.swift; sourceTree = "<group>"; };
		245D0F371C87884B004E14EB /* Info.plist */ = {isa = PBXFileReference; lastKnownFileType = text.plist.xml; path = Info.plist; sourceTree = "<group>"; };
		245D0F3C1C87884B004E14EB /* T1E02UITests.xctest */ = {isa = PBXFileReference; explicitFileType = wrapper.cfbundle; includeInIndex = 0; path = T1E02UITests.xctest; sourceTree = BUILT_PRODUCTS_DIR; };
		245D0F401C87884B004E14EB /* T1E02UITests.swift */ = {isa = PBXFileReference; lastKnownFileType = sourcecode.swift; path = T1E02UITests.swift; sourceTree = "<group>"; };
		245D0F421C87884B004E14EB /* Info.plist */ = {isa = PBXFileReference; lastKnownFileType = text.plist.xml; path = Info.plist; sourceTree = "<group>"; };
/* End PBXFileReference section */

/* Begin PBXFrameworksBuildPhase section */
		245D0F171C87884A004E14EB /* Frameworks */ = {
			isa = PBXFrameworksBuildPhase;
			buildActionMask = 2147483647;
			files = (
			);
			runOnlyForDeploymentPostprocessing = 0;
		};
		245D0F2E1C87884B004E14EB /* Frameworks */ = {
			isa = PBXFrameworksBuildPhase;
			buildActionMask = 2147483647;
			files = (
			);
			runOnlyForDeploymentPostprocessing = 0;
		};
		245D0F391C87884B004E14EB /* Frameworks */ = {
			isa = PBXFrameworksBuildPhase;
			buildActionMask = 2147483647;
			files = (
			);
			runOnlyForDeploymentPostprocessing = 0;
		};
/* End PBXFrameworksBuildPhase section */

/* Begin PBXGroup section */
		245D0F111C87884A004E14EB = {
			isa = PBXGroup;
			children = (
				245D0F1C1C87884A004E14EB /* T1E02 */,
				245D0F341C87884B004E14EB /* T1E02Tests */,
				245D0F3F1C87884B004E14EB /* T1E02UITests */,
				245D0F1B1C87884A004E14EB /* Products */,
			);
			sourceTree = "<group>";
		};
		245D0F1B1C87884A004E14EB /* Products */ = {
			isa = PBXGroup;
			children = (
				245D0F1A1C87884A004E14EB /* T1E02.app */,
				245D0F311C87884B004E14EB /* T1E02Tests.xctest */,
				245D0F3C1C87884B004E14EB /* T1E02UITests.xctest */,
			);
			name = Products;
			sourceTree = "<group>";
		};
		245D0F1C1C87884A004E14EB /* T1E02 */ = {
			isa = PBXGroup;
			children = (
				245D0F1D1C87884A004E14EB /* AppDelegate.swift */,
				245D0F1F1C87884A004E14EB /* ViewController.swift */,
				245D0F211C87884A004E14EB /* Main.storyboard */,
				245D0F271C87884A004E14EB /* Assets.xcassets */,
				245D0F291C87884A004E14EB /* LaunchScreen.storyboard */,
				245D0F2C1C87884A004E14EB /* Info.plist */,
				245D0F241C87884A004E14EB /* T1E02.xcdatamodeld */,
			);
			path = T1E02;
			sourceTree = "<group>";
		};
		245D0F341C87884B004E14EB /* T1E02Tests */ = {
			isa = PBXGroup;
			children = (
				245D0F351C87884B004E14EB /* T1E02Tests.swift */,
				245D0F371C87884B004E14EB /* Info.plist */,
			);
			path = T1E02Tests;
			sourceTree = "<group>";
		};
		245D0F3F1C87884B004E14EB /* T1E02UITests */ = {
			isa = PBXGroup;
			children = (
				245D0F401C87884B004E14EB /* T1E02UITests.swift */,
				245D0F421C87884B004E14EB /* Info.plist */,
			);
			path = T1E02UITests;
			sourceTree = "<group>";
		};
/* End PBXGroup section */

/* Begin PBXNativeTarget section */
		245D0F191C87884A004E14EB /* T1E02 */ = {
			isa = PBXNativeTarget;
			buildConfigurationList = 245D0F451C87884B004E14EB /* Build configuration list for PBXNativeTarget "T1E02" */;
			buildPhases = (
				245D0F161C87884A004E14EB /* Sources */,
				245D0F171C87884A004E14EB /* Frameworks */,
				245D0F181C87884A004E14EB /* Resources */,
			);
			buildRules = (
			);
			dependencies = (
			);
			name = T1E02;
			productName = T1E02;
			productReference = 245D0F1A1C87884A004E14EB /* T1E02.app */;
			productType = "com.apple.product-type.application";
		};
		245D0F301C87884B004E14EB /* T1E02Tests */ = {
			isa = PBXNativeTarget;
			buildConfigurationList = 245D0F481C87884B004E14EB /* Build configuration list for PBXNativeTarget "T1E02Tests" */;
			buildPhases = (
				245D0F2D1C87884B004E14EB /* Sources */,
				245D0F2E1C87884B004E14EB /* Frameworks */,
				245D0F2F1C87884B004E14EB /* Resources */,
			);
			buildRules = (
			);
			dependencies = (
				245D0F331C87884B004E14EB /* PBXTargetDependency */,
			);
			name = T1E02Tests;
			productName = T1E02Tests;
			productReference = 245D0F311C87884B004E14EB /* T1E02Tests.xctest */;
			productType = "com.apple.product-type.bundle.unit-test";
		};
		245D0F3B1C87884B004E14EB /* T1E02UITests */ = {
			isa = PBXNativeTarget;
			buildConfigurationList = 245D0F4B1C87884B004E14EB /* Build configuration list for PBXNativeTarget "T1E02UITests" */;
			buildPhases = (
				245D0F381C87884B004E14EB /* Sources */,
				245D0F391C87884B004E14EB /* Frameworks */,
				245D0F3A1C87884B004E14EB /* Resources */,
			);
			buildRules = (
			);
			dependencies = (
				245D0F3E1C87884B004E14EB /* PBXTargetDependency */,
			);
			name = T1E02UITests;
			productName = T1E02UITests;
			productReference = 245D0F3C1C87884B004E14EB /* T1E02UITests.xctest */;
			productType = "com.apple.product-type.bundle.ui-testing";
		};
/* End PBXNativeTarget section */

/* Begin PBXProject section */
		245D0F121C87884A004E14EB /* Project object */ = {
			isa = PBXProject;
			attributes = {
				LastSwiftUpdateCheck = 0720;
				LastUpgradeCheck = 0720;
				ORGANIZATIONNAME = "Cristian Contreras Velásquez";
				TargetAttributes = {
					245D0F191C87884A004E14EB = {
						CreatedOnToolsVersion = 7.2.1;
						DevelopmentTeam = LF68Z3YD8E;
					};
					245D0F301C87884B004E14EB = {
						CreatedOnToolsVersion = 7.2.1;
						DevelopmentTeam = LF68Z3YD8E;
						TestTargetID = 245D0F191C87884A004E14EB;
					};
					245D0F3B1C87884B004E14EB = {
						CreatedOnToolsVersion = 7.2.1;
						DevelopmentTeam = LF68Z3YD8E;
						TestTargetID = 245D0F191C87884A004E14EB;
					};
				};
			};
			buildConfigurationList = 245D0F151C87884A004E14EB /* Build configuration list for PBXProject "T1E02" */;
			compatibilityVersion = "Xcode 3.2";
			developmentRegion = English;
			hasScannedForEncodings = 0;
			knownRegions = (
				en,
				Base,
			);
			mainGroup = 245D0F111C87884A004E14EB;
			productRefGroup = 245D0F1B1C87884A004E14EB /* Products */;
			projectDirPath = "";
			projectRoot = "";
			targets = (
				245D0F191C87884A004E14EB /* T1E02 */,
				245D0F301C87884B004E14EB /* T1E02Tests */,
				245D0F3B1C87884B004E14EB /* T1E02UITests */,
			);
		};
/* End PBXProject section */

/* Begin PBXResourcesBuildPhase section */
		245D0F181C87884A004E14EB /* Resources */ = {
			isa = PBXResourcesBuildPhase;
			buildActionMask = 2147483647;
			files = (
				245D0F2B1C87884A004E14EB /* LaunchScreen.storyboard in Resources */,
				245D0F281C87884A004E14EB /* Assets.xcassets in Resources */,
				245D0F231C87884A004E14EB /* Main.storyboard in Resources */,
			);
			runOnlyForDeploymentPostprocessing = 0;
		};
		245D0F2F1C87884B004E14EB /* Resources */ = {
			isa = PBXResourcesBuildPhase;
			buildActionMask = 2147483647;
			files = (
			);
			runOnlyForDeploymentPostprocessing = 0;
		};
		245D0F3A1C87884B004E14EB /* Resources */ = {
			isa = PBXResourcesBuildPhase;
			buildActionMask = 2147483647;
			files = (
			);
			runOnlyForDeploymentPostprocessing = 0;
		};
/* End PBXResourcesBuildPhase section */

/* Begin PBXSourcesBuildPhase section */
		245D0F161C87884A004E14EB /* Sources */ = {
			isa = PBXSourcesBuildPhase;
			buildActionMask = 2147483647;
			files = (
				245D0F201C87884A004E14EB /* ViewController.swift in Sources */,
				245D0F261C87884A004E14EB /* T1E02.xcdatamodeld in Sources */,
				245D0F1E1C87884A004E14EB /* AppDelegate.swift in Sources */,
			);
			runOnlyForDeploymentPostprocessing = 0;
		};
		245D0F2D1C87884B004E14EB /* Sources */ = {
			isa = PBXSourcesBuildPhase;
			buildActionMask = 2147483647;
			files = (
				245D0F361C87884B004E14EB /* T1E02Tests.swift in Sources */,
			);
			runOnlyForDeploymentPostprocessing = 0;
		};
		245D0F381C87884B004E14EB /* Sources */ = {
			isa = PBXSourcesBuildPhase;
			buildActionMask = 2147483647;
			files = (
				245D0F411C87884B004E14EB /* T1E02UITests.swift in Sources */,
			);
			runOnlyForDeploymentPostprocessing = 0;
		};
/* End PBXSourcesBuildPhase section */

/* Begin PBXTargetDependency section */
		245D0F331C87884B004E14EB /* PBXTargetDependency */ = {
			isa = PBXTargetDependency;
			target = 245D0F191C87884A004E14EB /* T1E02 */;
			targetProxy = 245D0F321C87884B004E14EB /* PBXContainerItemProxy */;
		};
		245D0F3E1C87884B004E14EB /* PBXTargetDependency */ = {
			isa = PBXTargetDependency;
			target = 245D0F191C87884A004E14EB /* T1E02 */;
			targetProxy = 245D0F3D1C87884B004E14EB /* PBXContainerItemProxy */;
		};
/* End PBXTargetDependency section */

/* Begin PBXVariantGroup section */
		245D0F211C87884A004E14EB /* Main.storyboard */ = {
			isa = PBXVariantGroup;
			children = (
				245D0F221C87884A004E14EB /* Base */,
			);
			name = Main.storyboard;
			sourceTree = "<group>";
		};
		245D0F291C87884A004E14EB /* LaunchScreen.storyboard */ = {
			isa = PBXVariantGroup;
			children = (
				245D0F2A1C87884A004E14EB /* Base */,
			);
			name = LaunchScreen.storyboard;
			sourceTree = "<group>";
		};
/* End PBXVariantGroup section */

/* Begin XCBuildConfiguration section */
		245D0F431C87884B004E14EB /* Debug */ = {
			isa = XCBuildConfiguration;
			buildSettings = {
				ALWAYS_SEARCH_USER_PATHS = NO;
				CLANG_CXX_LANGUAGE_STANDARD = "gnu++0x";
				CLANG_CXX_LIBRARY = "libc++";
				CLANG_ENABLE_MODULES = YES;
				CLANG_ENABLE_OBJC_ARC = YES;
				CLANG_WARN_BOOL_CONVERSION = YES;
				CLANG_WARN_CONSTANT_CONVERSION = YES;
				CLANG_WARN_DIRECT_OBJC_ISA_USAGE = YES_ERROR;
				CLANG_WARN_EMPTY_BODY = YES;
				CLANG_WARN_ENUM_CONVERSION = YES;
				CLANG_WARN_INT_CONVERSION = YES;
				CLANG_WARN_OBJC_ROOT_CLASS = YES_ERROR;
				CLANG_WARN_UNREACHABLE_CODE = YES;
				CLANG_WARN__DUPLICATE_METHOD_MATCH = YES;
				"CODE_SIGN_IDENTITY[sdk=iphoneos*]" = "iPhone Developer";
				COPY_PHASE_STRIP = NO;
				DEBUG_INFORMATION_FORMAT = dwarf;
				ENABLE_STRICT_OBJC_MSGSEND = YES;
				ENABLE_TESTABILITY = YES;
				GCC_C_LANGUAGE_STANDARD = gnu99;
				GCC_DYNAMIC_NO_PIC = NO;
				GCC_NO_COMMON_BLOCKS = YES;
				GCC_OPTIMIZATION_LEVEL = 0;
				GCC_PREPROCESSOR_DEFINITIONS = (
					"DEBUG=1",
					"$(inherited)",
				);
				GCC_WARN_64_TO_32_BIT_CONVERSION = YES;
				GCC_WARN_ABOUT_RETURN_TYPE = YES_ERROR;
				GCC_WARN_UNDECLARED_SELECTOR = YES;
				GCC_WARN_UNINITIALIZED_AUTOS = YES_AGGRESSIVE;
				GCC_WARN_UNUSED_FUNCTION = YES;
				GCC_WARN_UNUSED_VARIABLE = YES;
				IPHONEOS_DEPLOYMENT_TARGET = 9.2;
				MTL_ENABLE_DEBUG_INFO = YES;
				ONLY_ACTIVE_ARCH = YES;
				SDKROOT = iphoneos;
				SWIFT_OPTIMIZATION_LEVEL = "-Onone";
				TARGETED_DEVICE_FAMILY = "1,2";
			};
			name = Debug;
		};
		245D0F441C87884B004E14EB /* Release */ = {
			isa = XCBuildConfiguration;
			buildSettings = {
				ALWAYS_SEARCH_USER_PATHS = NO;
				CLANG_CXX_LANGUAGE_STANDARD = "gnu++0x";
				CLANG_CXX_LIBRARY = "libc++";
				CLANG_ENABLE_MODULES = YES;
				CLANG_ENABLE_OBJC_ARC = YES;
				CLANG_WARN_BOOL_CONVERSION = YES;
				CLANG_WARN_CONSTANT_CONVERSION = YES;
				CLANG_WARN_DIRECT_OBJC_ISA_USAGE = YES_ERROR;
				CLANG_WARN_EMPTY_BODY = YES;
				CLANG_WARN_ENUM_CONVERSION = YES;
				CLANG_WARN_INT_CONVERSION = YES;
				CLANG_WARN_OBJC_ROOT_CLASS = YES_ERROR;
				CLANG_WARN_UNREACHABLE_CODE = YES;
				CLANG_WARN__DUPLICATE_METHOD_MATCH = YES;
				"CODE_SIGN_IDENTITY[sdk=iphoneos*]" = "iPhone Developer";
				COPY_PHASE_STRIP = NO;
				DEBUG_INFORMATION_FORMAT = "dwarf-with-dsym";
				ENABLE_NS_ASSERTIONS = NO;
				ENABLE_STRICT_OBJC_MSGSEND = YES;
				GCC_C_LANGUAGE_STANDARD = gnu99;
				GCC_NO_COMMON_BLOCKS = YES;
				GCC_WARN_64_TO_32_BIT_CONVERSION = YES;
				GCC_WARN_ABOUT_RETURN_TYPE = YES_ERROR;
				GCC_WARN_UNDECLARED_SELECTOR = YES;
				GCC_WARN_UNINITIALIZED_AUTOS = YES_AGGRESSIVE;
				GCC_WARN_UNUSED_FUNCTION = YES;
				GCC_WARN_UNUSED_VARIABLE = YES;
				IPHONEOS_DEPLOYMENT_TARGET = 9.2;
				MTL_ENABLE_DEBUG_INFO = NO;
				SDKROOT = iphoneos;
				TARGETED_DEVICE_FAMILY = "1,2";
				VALIDATE_PRODUCT = YES;
			};
			name = Release;
		};
		245D0F461C87884B004E14EB /* Debug */ = {
			isa = XCBuildConfiguration;
			buildSettings = {
				ASSETCATALOG_COMPILER_APPICON_NAME = AppIcon;
				INFOPLIST_FILE = T1E02/Info.plist;
				LD_RUNPATH_SEARCH_PATHS = "$(inherited) @executable_path/Frameworks";
				PRODUCT_BUNDLE_IDENTIFIER = "ccv-corp.T1E02";
				PRODUCT_NAME = "$(TARGET_NAME)";
			};
			name = Debug;
		};
		245D0F471C87884B004E14EB /* Release */ = {
			isa = XCBuildConfiguration;
			buildSettings = {
				ASSETCATALOG_COMPILER_APPICON_NAME = AppIcon;
				INFOPLIST_FILE = T1E02/Info.plist;
				LD_RUNPATH_SEARCH_PATHS = "$(inherited) @executable_path/Frameworks";
				PRODUCT_BUNDLE_IDENTIFIER = "ccv-corp.T1E02";
				PRODUCT_NAME = "$(TARGET_NAME)";
			};
			name = Release;
		};
		245D0F491C87884B004E14EB /* Debug */ = {
			isa = XCBuildConfiguration;
			buildSettings = {
				BUNDLE_LOADER = "$(TEST_HOST)";
				INFOPLIST_FILE = T1E02Tests/Info.plist;
				LD_RUNPATH_SEARCH_PATHS = "$(inherited) @executable_path/Frameworks @loader_path/Frameworks";
				PRODUCT_BUNDLE_IDENTIFIER = "ccv-corp.T1E02Tests";
				PRODUCT_NAME = "$(TARGET_NAME)";
				TEST_HOST = "$(BUILT_PRODUCTS_DIR)/T1E02.app/T1E02";
			};
			name = Debug;
		};
		245D0F4A1C87884B004E14EB /* Release */ = {
			isa = XCBuildConfiguration;
			buildSettings = {
				BUNDLE_LOADER = "$(TEST_HOST)";
				INFOPLIST_FILE = T1E02Tests/Info.plist;
				LD_RUNPATH_SEARCH_PATHS = "$(inherited) @executable_path/Frameworks @loader_path/Frameworks";
				PRODUCT_BUNDLE_IDENTIFIER = "ccv-corp.T1E02Tests";
				PRODUCT_NAME = "$(TARGET_NAME)";
				TEST_HOST = "$(BUILT_PRODUCTS_DIR)/T1E02.app/T1E02";
			};
			name = Release;
		};
		245D0F4C1C87884B004E14EB /* Debug */ = {
			isa = XCBuildConfiguration;
			buildSettings = {
				INFOPLIST_FILE = T1E02UITests/Info.plist;
				LD_RUNPATH_SEARCH_PATHS = "$(inherited) @executable_path/Frameworks @loader_path/Frameworks";
				PRODUCT_BUNDLE_IDENTIFIER = "ccv-corp.T1E02UITests";
				PRODUCT_NAME = "$(TARGET_NAME)";
				TEST_TARGET_NAME = T1E02;
				USES_XCTRUNNER = YES;
			};
			name = Debug;
		};
		245D0F4D1C87884B004E14EB /* Release */ = {
			isa = XCBuildConfiguration;
			buildSettings = {
				INFOPLIST_FILE = T1E02UITests/Info.plist;
				LD_RUNPATH_SEARCH_PATHS = "$(inherited) @executable_path/Frameworks @loader_path/Frameworks";
				PRODUCT_BUNDLE_IDENTIFIER = "ccv-corp.T1E02UITests";
				PRODUCT_NAME = "$(TARGET_NAME)";
				TEST_TARGET_NAME = T1E02;
				USES_XCTRUNNER = YES;
			};
			name = Release;
		};
/* End XCBuildConfiguration section */

/* Begin XCConfigurationList section */
		245D0F151C87884A004E14EB /* Build configuration list for PBXProject "T1E02" */ = {
			isa = XCConfigurationList;
			buildConfigurations = (
				245D0F431C87884B004E14EB /* Debug */,
				245D0F441C87884B004E14EB /* Release */,
			);
			defaultConfigurationIsVisible = 0;
			defaultConfigurationName = Release;
		};
		245D0F451C87884B004E14EB /* Build configuration list for PBXNativeTarget "T1E02" */ = {
			isa = XCConfigurationList;
			buildConfigurations = (
				245D0F461C87884B004E14EB /* Debug */,
				245D0F471C87884B004E14EB /* Release */,
			);
			defaultConfigurationIsVisible = 0;
		};
		245D0F481C87884B004E14EB /* Build configuration list for PBXNativeTarget "T1E02Tests" */ = {
			isa = XCConfigurationList;
			buildConfigurations = (
				245D0F491C87884B004E14EB /* Debug */,
				245D0F4A1C87884B004E14EB /* Release */,
			);
			defaultConfigurationIsVisible = 0;
		};
		245D0F4B1C87884B004E14EB /* Build configuration list for PBXNativeTarget "T1E02UITests" */ = {
			isa = XCConfigurationList;
			buildConfigurations = (
				245D0F4C1C87884B004E14EB /* Debug */,
				245D0F4D1C87884B004E14EB /* Release */,
			);
			defaultConfigurationIsVisible = 0;
		};
/* End XCConfigurationList section */

/* Begin XCVersionGroup section */
		245D0F241C87884A004E14EB /* T1E02.xcdatamodeld */ = {
			isa = XCVersionGroup;
			children = (
				245D0F251C87884A004E14EB /* T1E02.xcdatamodel */,
			);
			currentVersion = 245D0F251C87884A004E14EB /* T1E02.xcdatamodel */;
			path = T1E02.xcdatamodeld;
			sourceTree = "<group>";
			versionGroupType = wrapper.xcdatamodel;
		};
/* End XCVersionGroup section */
	};
	rootObject = 245D0F121C87884A004E14EB /* Project object */;
}
