// !$*UTF8*$!
{
	archiveVersion = 1;
	classes = {
	};
	objectVersion = 46;
	objects = {

/* Begin PBXBuildFile section */
		245D105F1C972587004E14EB /* AppDelegate.swift in Sources */ = {isa = PBXBuildFile; fileRef = 245D105E1C972587004E14EB /* AppDelegate.swift */; };
		245D10611C972587004E14EB /* ViewController.swift in Sources */ = {isa = PBXBuildFile; fileRef = 245D10601C972587004E14EB /* ViewController.swift */; };
		245D10641C972587004E14EB /* Main.storyboard in Resources */ = {isa = PBXBuildFile; fileRef = 245D10621C972587004E14EB /* Main.storyboard */; };
		245D10671C972587004E14EB /* T2E4.xcdatamodeld in Sources */ = {isa = PBXBuildFile; fileRef = 245D10651C972587004E14EB /* T2E4.xcdatamodeld */; };
		245D10691C972587004E14EB /* Assets.xcassets in Resources */ = {isa = PBXBuildFile; fileRef = 245D10681C972587004E14EB /* Assets.xcassets */; };
		245D106C1C972587004E14EB /* LaunchScreen.storyboard in Resources */ = {isa = PBXBuildFile; fileRef = 245D106A1C972587004E14EB /* LaunchScreen.storyboard */; };
		245D10771C972587004E14EB /* T2E4Tests.swift in Sources */ = {isa = PBXBuildFile; fileRef = 245D10761C972587004E14EB /* T2E4Tests.swift */; };
		245D10821C972587004E14EB /* T2E4UITests.swift in Sources */ = {isa = PBXBuildFile; fileRef = 245D10811C972587004E14EB /* T2E4UITests.swift */; };
		245D10911C9726FC004E14EB /* Sephiroth_Dissidia_Artwork.png in Resources */ = {isa = PBXBuildFile; fileRef = 245D108F1C9726FC004E14EB /* Sephiroth_Dissidia_Artwork.png */; };
		245D10921C9726FC004E14EB /* Cloud_Dissidia_Artwork.png in Resources */ = {isa = PBXBuildFile; fileRef = 245D10901C9726FC004E14EB /* Cloud_Dissidia_Artwork.png */; };
		245D10941C973E63004E14EB /* BounceTransition.swift in Sources */ = {isa = PBXBuildFile; fileRef = 245D10931C973E63004E14EB /* BounceTransition.swift */; };
		245D10981C9743C9004E14EB /* Transition.swift in Sources */ = {isa = PBXBuildFile; fileRef = 245D10971C9743C9004E14EB /* Transition.swift */; };
		245D109A1C974505004E14EB /* SecondViewController.swift in Sources */ = {isa = PBXBuildFile; fileRef = 245D10991C974505004E14EB /* SecondViewController.swift */; };
/* End PBXBuildFile section */

/* Begin PBXContainerItemProxy section */
		245D10731C972587004E14EB /* PBXContainerItemProxy */ = {
			isa = PBXContainerItemProxy;
			containerPortal = 245D10531C972587004E14EB /* Project object */;
			proxyType = 1;
			remoteGlobalIDString = 245D105A1C972587004E14EB;
			remoteInfo = T2E4;
		};
		245D107E1C972587004E14EB /* PBXContainerItemProxy */ = {
			isa = PBXContainerItemProxy;
			containerPortal = 245D10531C972587004E14EB /* Project object */;
			proxyType = 1;
			remoteGlobalIDString = 245D105A1C972587004E14EB;
			remoteInfo = T2E4;
		};
/* End PBXContainerItemProxy section */

/* Begin PBXFileReference section */
		245D105B1C972587004E14EB /* T2E4.app */ = {isa = PBXFileReference; explicitFileType = wrapper.application; includeInIndex = 0; path = T2E4.app; sourceTree = BUILT_PRODUCTS_DIR; };
		245D105E1C972587004E14EB /* AppDelegate.swift */ = {isa = PBXFileReference; lastKnownFileType = sourcecode.swift; path = AppDelegate.swift; sourceTree = "<group>"; };
		245D10601C972587004E14EB /* ViewController.swift */ = {isa = PBXFileReference; lastKnownFileType = sourcecode.swift; path = ViewController.swift; sourceTree = "<group>"; };
		245D10631C972587004E14EB /* Base */ = {isa = PBXFileReference; lastKnownFileType = file.storyboard; name = Base; path = Base.lproj/Main.storyboard; sourceTree = "<group>"; };
		245D10661C972587004E14EB /* T2E4.xcdatamodel */ = {isa = PBXFileReference; lastKnownFileType = wrapper.xcdatamodel; path = T2E4.xcdatamodel; sourceTree = "<group>"; };
		245D10681C972587004E14EB /* Assets.xcassets */ = {isa = PBXFileReference; lastKnownFileType = folder.assetcatalog; path = Assets.xcassets; sourceTree = "<group>"; };
		245D106B1C972587004E14EB /* Base */ = {isa = PBXFileReference; lastKnownFileType = file.storyboard; name = Base; path = Base.lproj/LaunchScreen.storyboard; sourceTree = "<group>"; };
		245D106D1C972587004E14EB /* Info.plist */ = {isa = PBXFileReference; lastKnownFileType = text.plist.xml; path = Info.plist; sourceTree = "<group>"; };
		245D10721C972587004E14EB /* T2E4Tests.xctest */ = {isa = PBXFileReference; explicitFileType = wrapper.cfbundle; includeInIndex = 0; path = T2E4Tests.xctest; sourceTree = BUILT_PRODUCTS_DIR; };
		245D10761C972587004E14EB /* T2E4Tests.swift */ = {isa = PBXFileReference; lastKnownFileType = sourcecode.swift; path = T2E4Tests.swift; sourceTree = "<group>"; };
		245D10781C972587004E14EB /* Info.plist */ = {isa = PBXFileReference; lastKnownFileType = text.plist.xml; path = Info.plist; sourceTree = "<group>"; };
		245D107D1C972587004E14EB /* T2E4UITests.xctest */ = {isa = PBXFileReference; explicitFileType = wrapper.cfbundle; includeInIndex = 0; path = T2E4UITests.xctest; sourceTree = BUILT_PRODUCTS_DIR; };
		245D10811C972587004E14EB /* T2E4UITests.swift */ = {isa = PBXFileReference; lastKnownFileType = sourcecode.swift; path = T2E4UITests.swift; sourceTree = "<group>"; };
		245D10831C972587004E14EB /* Info.plist */ = {isa = PBXFileReference; lastKnownFileType = text.plist.xml; path = Info.plist; sourceTree = "<group>"; };
		245D108F1C9726FC004E14EB /* Sephiroth_Dissidia_Artwork.png */ = {isa = PBXFileReference; lastKnownFileType = image.png; path = Sephiroth_Dissidia_Artwork.png; sourceTree = "<group>"; };
		245D10901C9726FC004E14EB /* Cloud_Dissidia_Artwork.png */ = {isa = PBXFileReference; lastKnownFileType = image.png; path = Cloud_Dissidia_Artwork.png; sourceTree = "<group>"; };
		245D10931C973E63004E14EB /* BounceTransition.swift */ = {isa = PBXFileReference; fileEncoding = 4; lastKnownFileType = sourcecode.swift; path = BounceTransition.swift; sourceTree = "<group>"; };
		245D10971C9743C9004E14EB /* Transition.swift */ = {isa = PBXFileReference; fileEncoding = 4; lastKnownFileType = sourcecode.swift; path = Transition.swift; sourceTree = "<group>"; };
		245D10991C974505004E14EB /* SecondViewController.swift */ = {isa = PBXFileReference; fileEncoding = 4; lastKnownFileType = sourcecode.swift; path = SecondViewController.swift; sourceTree = "<group>"; };
/* End PBXFileReference section */

/* Begin PBXFrameworksBuildPhase section */
		245D10581C972587004E14EB /* Frameworks */ = {
			isa = PBXFrameworksBuildPhase;
			buildActionMask = 2147483647;
			files = (
			);
			runOnlyForDeploymentPostprocessing = 0;
		};
		245D106F1C972587004E14EB /* Frameworks */ = {
			isa = PBXFrameworksBuildPhase;
			buildActionMask = 2147483647;
			files = (
			);
			runOnlyForDeploymentPostprocessing = 0;
		};
		245D107A1C972587004E14EB /* Frameworks */ = {
			isa = PBXFrameworksBuildPhase;
			buildActionMask = 2147483647;
			files = (
			);
			runOnlyForDeploymentPostprocessing = 0;
		};
/* End PBXFrameworksBuildPhase section */

/* Begin PBXGroup section */
		245D10521C972587004E14EB = {
			isa = PBXGroup;
			children = (
				245D105D1C972587004E14EB /* T2E4 */,
				245D10751C972587004E14EB /* T2E4Tests */,
				245D10801C972587004E14EB /* T2E4UITests */,
				245D105C1C972587004E14EB /* Products */,
			);
			sourceTree = "<group>";
		};
		245D105C1C972587004E14EB /* Products */ = {
			isa = PBXGroup;
			children = (
				245D105B1C972587004E14EB /* T2E4.app */,
				245D10721C972587004E14EB /* T2E4Tests.xctest */,
				245D107D1C972587004E14EB /* T2E4UITests.xctest */,
			);
			name = Products;
			sourceTree = "<group>";
		};
		245D105D1C972587004E14EB /* T2E4 */ = {
			isa = PBXGroup;
			children = (
				245D108F1C9726FC004E14EB /* Sephiroth_Dissidia_Artwork.png */,
				245D10901C9726FC004E14EB /* Cloud_Dissidia_Artwork.png */,
				245D105E1C972587004E14EB /* AppDelegate.swift */,
				245D10601C972587004E14EB /* ViewController.swift */,
				245D10621C972587004E14EB /* Main.storyboard */,
				245D10681C972587004E14EB /* Assets.xcassets */,
				245D106A1C972587004E14EB /* LaunchScreen.storyboard */,
				245D106D1C972587004E14EB /* Info.plist */,
				245D10651C972587004E14EB /* T2E4.xcdatamodeld */,
				245D10931C973E63004E14EB /* BounceTransition.swift */,
				245D10971C9743C9004E14EB /* Transition.swift */,
				245D10991C974505004E14EB /* SecondViewController.swift */,
			);
			path = T2E4;
			sourceTree = "<group>";
		};
		245D10751C972587004E14EB /* T2E4Tests */ = {
			isa = PBXGroup;
			children = (
				245D10761C972587004E14EB /* T2E4Tests.swift */,
				245D10781C972587004E14EB /* Info.plist */,
			);
			path = T2E4Tests;
			sourceTree = "<group>";
		};
		245D10801C972587004E14EB /* T2E4UITests */ = {
			isa = PBXGroup;
			children = (
				245D10811C972587004E14EB /* T2E4UITests.swift */,
				245D10831C972587004E14EB /* Info.plist */,
			);
			path = T2E4UITests;
			sourceTree = "<group>";
		};
/* End PBXGroup section */

/* Begin PBXNativeTarget section */
		245D105A1C972587004E14EB /* T2E4 */ = {
			isa = PBXNativeTarget;
			buildConfigurationList = 245D10861C972587004E14EB /* Build configuration list for PBXNativeTarget "T2E4" */;
			buildPhases = (
				245D10571C972587004E14EB /* Sources */,
				245D10581C972587004E14EB /* Frameworks */,
				245D10591C972587004E14EB /* Resources */,
			);
			buildRules = (
			);
			dependencies = (
			);
			name = T2E4;
			productName = T2E4;
			productReference = 245D105B1C972587004E14EB /* T2E4.app */;
			productType = "com.apple.product-type.application";
		};
		245D10711C972587004E14EB /* T2E4Tests */ = {
			isa = PBXNativeTarget;
			buildConfigurationList = 245D10891C972587004E14EB /* Build configuration list for PBXNativeTarget "T2E4Tests" */;
			buildPhases = (
				245D106E1C972587004E14EB /* Sources */,
				245D106F1C972587004E14EB /* Frameworks */,
				245D10701C972587004E14EB /* Resources */,
			);
			buildRules = (
			);
			dependencies = (
				245D10741C972587004E14EB /* PBXTargetDependency */,
			);
			name = T2E4Tests;
			productName = T2E4Tests;
			productReference = 245D10721C972587004E14EB /* T2E4Tests.xctest */;
			productType = "com.apple.product-type.bundle.unit-test";
		};
		245D107C1C972587004E14EB /* T2E4UITests */ = {
			isa = PBXNativeTarget;
			buildConfigurationList = 245D108C1C972587004E14EB /* Build configuration list for PBXNativeTarget "T2E4UITests" */;
			buildPhases = (
				245D10791C972587004E14EB /* Sources */,
				245D107A1C972587004E14EB /* Frameworks */,
				245D107B1C972587004E14EB /* Resources */,
			);
			buildRules = (
			);
			dependencies = (
				245D107F1C972587004E14EB /* PBXTargetDependency */,
			);
			name = T2E4UITests;
			productName = T2E4UITests;
			productReference = 245D107D1C972587004E14EB /* T2E4UITests.xctest */;
			productType = "com.apple.product-type.bundle.ui-testing";
		};
/* End PBXNativeTarget section */

/* Begin PBXProject section */
		245D10531C972587004E14EB /* Project object */ = {
			isa = PBXProject;
			attributes = {
				LastSwiftUpdateCheck = 0720;
				LastUpgradeCheck = 0720;
				ORGANIZATIONNAME = "Cristian Contreras Velásquez";
				TargetAttributes = {
					245D105A1C972587004E14EB = {
						CreatedOnToolsVersion = 7.2.1;
						DevelopmentTeam = LF68Z3YD8E;
					};
					245D10711C972587004E14EB = {
						CreatedOnToolsVersion = 7.2.1;
						DevelopmentTeam = LF68Z3YD8E;
						TestTargetID = 245D105A1C972587004E14EB;
					};
					245D107C1C972587004E14EB = {
						CreatedOnToolsVersion = 7.2.1;
						DevelopmentTeam = LF68Z3YD8E;
						TestTargetID = 245D105A1C972587004E14EB;
					};
				};
			};
			buildConfigurationList = 245D10561C972587004E14EB /* Build configuration list for PBXProject "T2E4" */;
			compatibilityVersion = "Xcode 3.2";
			developmentRegion = English;
			hasScannedForEncodings = 0;
			knownRegions = (
				en,
				Base,
			);
			mainGroup = 245D10521C972587004E14EB;
			productRefGroup = 245D105C1C972587004E14EB /* Products */;
			projectDirPath = "";
			projectRoot = "";
			targets = (
				245D105A1C972587004E14EB /* T2E4 */,
				245D10711C972587004E14EB /* T2E4Tests */,
				245D107C1C972587004E14EB /* T2E4UITests */,
			);
		};
/* End PBXProject section */

/* Begin PBXResourcesBuildPhase section */
		245D10591C972587004E14EB /* Resources */ = {
			isa = PBXResourcesBuildPhase;
			buildActionMask = 2147483647;
			files = (
				245D10921C9726FC004E14EB /* Cloud_Dissidia_Artwork.png in Resources */,
				245D106C1C972587004E14EB /* LaunchScreen.storyboard in Resources */,
				245D10911C9726FC004E14EB /* Sephiroth_Dissidia_Artwork.png in Resources */,
				245D10691C972587004E14EB /* Assets.xcassets in Resources */,
				245D10641C972587004E14EB /* Main.storyboard in Resources */,
			);
			runOnlyForDeploymentPostprocessing = 0;
		};
		245D10701C972587004E14EB /* Resources */ = {
			isa = PBXResourcesBuildPhase;
			buildActionMask = 2147483647;
			files = (
			);
			runOnlyForDeploymentPostprocessing = 0;
		};
		245D107B1C972587004E14EB /* Resources */ = {
			isa = PBXResourcesBuildPhase;
			buildActionMask = 2147483647;
			files = (
			);
			runOnlyForDeploymentPostprocessing = 0;
		};
/* End PBXResourcesBuildPhase section */

/* Begin PBXSourcesBuildPhase section */
		245D10571C972587004E14EB /* Sources */ = {
			isa = PBXSourcesBuildPhase;
			buildActionMask = 2147483647;
			files = (
				245D109A1C974505004E14EB /* SecondViewController.swift in Sources */,
				245D10981C9743C9004E14EB /* Transition.swift in Sources */,
				245D10941C973E63004E14EB /* BounceTransition.swift in Sources */,
				245D10611C972587004E14EB /* ViewController.swift in Sources */,
				245D105F1C972587004E14EB /* AppDelegate.swift in Sources */,
				245D10671C972587004E14EB /* T2E4.xcdatamodeld in Sources */,
			);
			runOnlyForDeploymentPostprocessing = 0;
		};
		245D106E1C972587004E14EB /* Sources */ = {
			isa = PBXSourcesBuildPhase;
			buildActionMask = 2147483647;
			files = (
				245D10771C972587004E14EB /* T2E4Tests.swift in Sources */,
			);
			runOnlyForDeploymentPostprocessing = 0;
		};
		245D10791C972587004E14EB /* Sources */ = {
			isa = PBXSourcesBuildPhase;
			buildActionMask = 2147483647;
			files = (
				245D10821C972587004E14EB /* T2E4UITests.swift in Sources */,
			);
			runOnlyForDeploymentPostprocessing = 0;
		};
/* End PBXSourcesBuildPhase section */

/* Begin PBXTargetDependency section */
		245D10741C972587004E14EB /* PBXTargetDependency */ = {
			isa = PBXTargetDependency;
			target = 245D105A1C972587004E14EB /* T2E4 */;
			targetProxy = 245D10731C972587004E14EB /* PBXContainerItemProxy */;
		};
		245D107F1C972587004E14EB /* PBXTargetDependency */ = {
			isa = PBXTargetDependency;
			target = 245D105A1C972587004E14EB /* T2E4 */;
			targetProxy = 245D107E1C972587004E14EB /* PBXContainerItemProxy */;
		};
/* End PBXTargetDependency section */

/* Begin PBXVariantGroup section */
		245D10621C972587004E14EB /* Main.storyboard */ = {
			isa = PBXVariantGroup;
			children = (
				245D10631C972587004E14EB /* Base */,
			);
			name = Main.storyboard;
			sourceTree = "<group>";
		};
		245D106A1C972587004E14EB /* LaunchScreen.storyboard */ = {
			isa = PBXVariantGroup;
			children = (
				245D106B1C972587004E14EB /* Base */,
			);
			name = LaunchScreen.storyboard;
			sourceTree = "<group>";
		};
/* End PBXVariantGroup section */

/* Begin XCBuildConfiguration section */
		245D10841C972587004E14EB /* Debug */ = {
			isa = XCBuildConfiguration;
			buildSettings = {
				ALWAYS_SEARCH_USER_PATHS = NO;
				CLANG_CXX_LANGUAGE_STANDARD = "gnu++0x";
				CLANG_CXX_LIBRARY = "libc++";
				CLANG_ENABLE_MODULES = YES;
				CLANG_ENABLE_OBJC_ARC = YES;
				CLANG_WARN_BOOL_CONVERSION = YES;
				CLANG_WARN_CONSTANT_CONVERSION = YES;
				CLANG_WARN_DIRECT_OBJC_ISA_USAGE = YES_ERROR;
				CLANG_WARN_EMPTY_BODY = YES;
				CLANG_WARN_ENUM_CONVERSION = YES;
				CLANG_WARN_INT_CONVERSION = YES;
				CLANG_WARN_OBJC_ROOT_CLASS = YES_ERROR;
				CLANG_WARN_UNREACHABLE_CODE = YES;
				CLANG_WARN__DUPLICATE_METHOD_MATCH = YES;
				"CODE_SIGN_IDENTITY[sdk=iphoneos*]" = "iPhone Developer";
				COPY_PHASE_STRIP = NO;
				DEBUG_INFORMATION_FORMAT = dwarf;
				ENABLE_STRICT_OBJC_MSGSEND = YES;
				ENABLE_TESTABILITY = YES;
				GCC_C_LANGUAGE_STANDARD = gnu99;
				GCC_DYNAMIC_NO_PIC = NO;
				GCC_NO_COMMON_BLOCKS = YES;
				GCC_OPTIMIZATION_LEVEL = 0;
				GCC_PREPROCESSOR_DEFINITIONS = (
					"DEBUG=1",
					"$(inherited)",
				);
				GCC_WARN_64_TO_32_BIT_CONVERSION = YES;
				GCC_WARN_ABOUT_RETURN_TYPE = YES_ERROR;
				GCC_WARN_UNDECLARED_SELECTOR = YES;
				GCC_WARN_UNINITIALIZED_AUTOS = YES_AGGRESSIVE;
				GCC_WARN_UNUSED_FUNCTION = YES;
				GCC_WARN_UNUSED_VARIABLE = YES;
				IPHONEOS_DEPLOYMENT_TARGET = 9.2;
				MTL_ENABLE_DEBUG_INFO = YES;
				ONLY_ACTIVE_ARCH = YES;
				SDKROOT = iphoneos;
				SWIFT_OPTIMIZATION_LEVEL = "-Onone";
			};
			name = Debug;
		};
		245D10851C972587004E14EB /* Release */ = {
			isa = XCBuildConfiguration;
			buildSettings = {
				ALWAYS_SEARCH_USER_PATHS = NO;
				CLANG_CXX_LANGUAGE_STANDARD = "gnu++0x";
				CLANG_CXX_LIBRARY = "libc++";
				CLANG_ENABLE_MODULES = YES;
				CLANG_ENABLE_OBJC_ARC = YES;
				CLANG_WARN_BOOL_CONVERSION = YES;
				CLANG_WARN_CONSTANT_CONVERSION = YES;
				CLANG_WARN_DIRECT_OBJC_ISA_USAGE = YES_ERROR;
				CLANG_WARN_EMPTY_BODY = YES;
				CLANG_WARN_ENUM_CONVERSION = YES;
				CLANG_WARN_INT_CONVERSION = YES;
				CLANG_WARN_OBJC_ROOT_CLASS = YES_ERROR;
				CLANG_WARN_UNREACHABLE_CODE = YES;
				CLANG_WARN__DUPLICATE_METHOD_MATCH = YES;
				"CODE_SIGN_IDENTITY[sdk=iphoneos*]" = "iPhone Developer";
				COPY_PHASE_STRIP = NO;
				DEBUG_INFORMATION_FORMAT = "dwarf-with-dsym";
				ENABLE_NS_ASSERTIONS = NO;
				ENABLE_STRICT_OBJC_MSGSEND = YES;
				GCC_C_LANGUAGE_STANDARD = gnu99;
				GCC_NO_COMMON_BLOCKS = YES;
				GCC_WARN_64_TO_32_BIT_CONVERSION = YES;
				GCC_WARN_ABOUT_RETURN_TYPE = YES_ERROR;
				GCC_WARN_UNDECLARED_SELECTOR = YES;
				GCC_WARN_UNINITIALIZED_AUTOS = YES_AGGRESSIVE;
				GCC_WARN_UNUSED_FUNCTION = YES;
				GCC_WARN_UNUSED_VARIABLE = YES;
				IPHONEOS_DEPLOYMENT_TARGET = 9.2;
				MTL_ENABLE_DEBUG_INFO = NO;
				SDKROOT = iphoneos;
				VALIDATE_PRODUCT = YES;
			};
			name = Release;
		};
		245D10871C972587004E14EB /* Debug */ = {
			isa = XCBuildConfiguration;
			buildSettings = {
				ASSETCATALOG_COMPILER_APPICON_NAME = AppIcon;
				INFOPLIST_FILE = T2E4/Info.plist;
				LD_RUNPATH_SEARCH_PATHS = "$(inherited) @executable_path/Frameworks";
				PRODUCT_BUNDLE_IDENTIFIER = "ccv-corp.T2E4";
				PRODUCT_NAME = "$(TARGET_NAME)";
			};
			name = Debug;
		};
		245D10881C972587004E14EB /* Release */ = {
			isa = XCBuildConfiguration;
			buildSettings = {
				ASSETCATALOG_COMPILER_APPICON_NAME = AppIcon;
				INFOPLIST_FILE = T2E4/Info.plist;
				LD_RUNPATH_SEARCH_PATHS = "$(inherited) @executable_path/Frameworks";
				PRODUCT_BUNDLE_IDENTIFIER = "ccv-corp.T2E4";
				PRODUCT_NAME = "$(TARGET_NAME)";
			};
			name = Release;
		};
		245D108A1C972587004E14EB /* Debug */ = {
			isa = XCBuildConfiguration;
			buildSettings = {
				BUNDLE_LOADER = "$(TEST_HOST)";
				INFOPLIST_FILE = T2E4Tests/Info.plist;
				LD_RUNPATH_SEARCH_PATHS = "$(inherited) @executable_path/Frameworks @loader_path/Frameworks";
				PRODUCT_BUNDLE_IDENTIFIER = "ccv-corp.T2E4Tests";
				PRODUCT_NAME = "$(TARGET_NAME)";
				TEST_HOST = "$(BUILT_PRODUCTS_DIR)/T2E4.app/T2E4";
			};
			name = Debug;
		};
		245D108B1C972587004E14EB /* Release */ = {
			isa = XCBuildConfiguration;
			buildSettings = {
				BUNDLE_LOADER = "$(TEST_HOST)";
				INFOPLIST_FILE = T2E4Tests/Info.plist;
				LD_RUNPATH_SEARCH_PATHS = "$(inherited) @executable_path/Frameworks @loader_path/Frameworks";
				PRODUCT_BUNDLE_IDENTIFIER = "ccv-corp.T2E4Tests";
				PRODUCT_NAME = "$(TARGET_NAME)";
				TEST_HOST = "$(BUILT_PRODUCTS_DIR)/T2E4.app/T2E4";
			};
			name = Release;
		};
		245D108D1C972587004E14EB /* Debug */ = {
			isa = XCBuildConfiguration;
			buildSettings = {
				INFOPLIST_FILE = T2E4UITests/Info.plist;
				LD_RUNPATH_SEARCH_PATHS = "$(inherited) @executable_path/Frameworks @loader_path/Frameworks";
				PRODUCT_BUNDLE_IDENTIFIER = "ccv-corp.T2E4UITests";
				PRODUCT_NAME = "$(TARGET_NAME)";
				TEST_TARGET_NAME = T2E4;
				USES_XCTRUNNER = YES;
			};
			name = Debug;
		};
		245D108E1C972587004E14EB /* Release */ = {
			isa = XCBuildConfiguration;
			buildSettings = {
				INFOPLIST_FILE = T2E4UITests/Info.plist;
				LD_RUNPATH_SEARCH_PATHS = "$(inherited) @executable_path/Frameworks @loader_path/Frameworks";
				PRODUCT_BUNDLE_IDENTIFIER = "ccv-corp.T2E4UITests";
				PRODUCT_NAME = "$(TARGET_NAME)";
				TEST_TARGET_NAME = T2E4;
				USES_XCTRUNNER = YES;
			};
			name = Release;
		};
/* End XCBuildConfiguration section */

/* Begin XCConfigurationList section */
		245D10561C972587004E14EB /* Build configuration list for PBXProject "T2E4" */ = {
			isa = XCConfigurationList;
			buildConfigurations = (
				245D10841C972587004E14EB /* Debug */,
				245D10851C972587004E14EB /* Release */,
			);
			defaultConfigurationIsVisible = 0;
			defaultConfigurationName = Release;
		};
		245D10861C972587004E14EB /* Build configuration list for PBXNativeTarget "T2E4" */ = {
			isa = XCConfigurationList;
			buildConfigurations = (
				245D10871C972587004E14EB /* Debug */,
				245D10881C972587004E14EB /* Release */,
			);
			defaultConfigurationIsVisible = 0;
		};
		245D10891C972587004E14EB /* Build configuration list for PBXNativeTarget "T2E4Tests" */ = {
			isa = XCConfigurationList;
			buildConfigurations = (
				245D108A1C972587004E14EB /* Debug */,
				245D108B1C972587004E14EB /* Release */,
			);
			defaultConfigurationIsVisible = 0;
		};
		245D108C1C972587004E14EB /* Build configuration list for PBXNativeTarget "T2E4UITests" */ = {
			isa = XCConfigurationList;
			buildConfigurations = (
				245D108D1C972587004E14EB /* Debug */,
				245D108E1C972587004E14EB /* Release */,
			);
			defaultConfigurationIsVisible = 0;
		};
/* End XCConfigurationList section */

/* Begin XCVersionGroup section */
		245D10651C972587004E14EB /* T2E4.xcdatamodeld */ = {
			isa = XCVersionGroup;
			children = (
				245D10661C972587004E14EB /* T2E4.xcdatamodel */,
			);
			currentVersion = 245D10661C972587004E14EB /* T2E4.xcdatamodel */;
			path = T2E4.xcdatamodeld;
			sourceTree = "<group>";
			versionGroupType = wrapper.xcdatamodel;
		};
/* End XCVersionGroup section */
	};
	rootObject = 245D10531C972587004E14EB /* Project object */;
}
