// !$*UTF8*$!
{
	archiveVersion = 1;
	classes = {
	};
	objectVersion = 46;
	objects = {

/* Begin PBXBuildFile section */
		245D10A81C978B0D004E14EB /* AppDelegate.swift in Sources */ = {isa = PBXBuildFile; fileRef = 245D10A71C978B0D004E14EB /* AppDelegate.swift */; };
		245D10AA1C978B0D004E14EB /* RootViewController.swift in Sources */ = {isa = PBXBuildFile; fileRef = 245D10A91C978B0D004E14EB /* RootViewController.swift */; };
		245D10AC1C978B0D004E14EB /* DataViewController.swift in Sources */ = {isa = PBXBuildFile; fileRef = 245D10AB1C978B0D004E14EB /* DataViewController.swift */; };
		245D10AE1C978B0D004E14EB /* ModelController.swift in Sources */ = {isa = PBXBuildFile; fileRef = 245D10AD1C978B0D004E14EB /* ModelController.swift */; };
		245D10B11C978B0D004E14EB /* Main.storyboard in Resources */ = {isa = PBXBuildFile; fileRef = 245D10AF1C978B0D004E14EB /* Main.storyboard */; };
		245D10B31C978B0D004E14EB /* Assets.xcassets in Resources */ = {isa = PBXBuildFile; fileRef = 245D10B21C978B0D004E14EB /* Assets.xcassets */; };
		245D10B61C978B0D004E14EB /* LaunchScreen.storyboard in Resources */ = {isa = PBXBuildFile; fileRef = 245D10B41C978B0D004E14EB /* LaunchScreen.storyboard */; };
		245D10C11C978B0D004E14EB /* T3E1Tests.swift in Sources */ = {isa = PBXBuildFile; fileRef = 245D10C01C978B0D004E14EB /* T3E1Tests.swift */; };
		245D10CC1C978B0D004E14EB /* T3E1UITests.swift in Sources */ = {isa = PBXBuildFile; fileRef = 245D10CB1C978B0D004E14EB /* T3E1UITests.swift */; };
/* End PBXBuildFile section */

/* Begin PBXContainerItemProxy section */
		245D10BD1C978B0D004E14EB /* PBXContainerItemProxy */ = {
			isa = PBXContainerItemProxy;
			containerPortal = 245D109C1C978B0D004E14EB /* Project object */;
			proxyType = 1;
			remoteGlobalIDString = 245D10A31C978B0D004E14EB;
			remoteInfo = T3E1;
		};
		245D10C81C978B0D004E14EB /* PBXContainerItemProxy */ = {
			isa = PBXContainerItemProxy;
			containerPortal = 245D109C1C978B0D004E14EB /* Project object */;
			proxyType = 1;
			remoteGlobalIDString = 245D10A31C978B0D004E14EB;
			remoteInfo = T3E1;
		};
/* End PBXContainerItemProxy section */

/* Begin PBXFileReference section */
		245D10A41C978B0D004E14EB /* T3E1.app */ = {isa = PBXFileReference; explicitFileType = wrapper.application; includeInIndex = 0; path = T3E1.app; sourceTree = BUILT_PRODUCTS_DIR; };
		245D10A71C978B0D004E14EB /* AppDelegate.swift */ = {isa = PBXFileReference; lastKnownFileType = sourcecode.swift; path = AppDelegate.swift; sourceTree = "<group>"; };
		245D10A91C978B0D004E14EB /* RootViewController.swift */ = {isa = PBXFileReference; lastKnownFileType = sourcecode.swift; path = RootViewController.swift; sourceTree = "<group>"; };
		245D10AB1C978B0D004E14EB /* DataViewController.swift */ = {isa = PBXFileReference; lastKnownFileType = sourcecode.swift; path = DataViewController.swift; sourceTree = "<group>"; };
		245D10AD1C978B0D004E14EB /* ModelController.swift */ = {isa = PBXFileReference; lastKnownFileType = sourcecode.swift; path = ModelController.swift; sourceTree = "<group>"; };
		245D10B01C978B0D004E14EB /* Base */ = {isa = PBXFileReference; lastKnownFileType = file.storyboard; name = Base; path = Base.lproj/Main.storyboard; sourceTree = "<group>"; };
		245D10B21C978B0D004E14EB /* Assets.xcassets */ = {isa = PBXFileReference; lastKnownFileType = folder.assetcatalog; path = Assets.xcassets; sourceTree = "<group>"; };
		245D10B51C978B0D004E14EB /* Base */ = {isa = PBXFileReference; lastKnownFileType = file.storyboard; name = Base; path = Base.lproj/LaunchScreen.storyboard; sourceTree = "<group>"; };
		245D10B71C978B0D004E14EB /* Info.plist */ = {isa = PBXFileReference; lastKnownFileType = text.plist.xml; path = Info.plist; sourceTree = "<group>"; };
		245D10BC1C978B0D004E14EB /* T3E1Tests.xctest */ = {isa = PBXFileReference; explicitFileType = wrapper.cfbundle; includeInIndex = 0; path = T3E1Tests.xctest; sourceTree = BUILT_PRODUCTS_DIR; };
		245D10C01C978B0D004E14EB /* T3E1Tests.swift */ = {isa = PBXFileReference; lastKnownFileType = sourcecode.swift; path = T3E1Tests.swift; sourceTree = "<group>"; };
		245D10C21C978B0D004E14EB /* Info.plist */ = {isa = PBXFileReference; lastKnownFileType = text.plist.xml; path = Info.plist; sourceTree = "<group>"; };
		245D10C71C978B0D004E14EB /* T3E1UITests.xctest */ = {isa = PBXFileReference; explicitFileType = wrapper.cfbundle; includeInIndex = 0; path = T3E1UITests.xctest; sourceTree = BUILT_PRODUCTS_DIR; };
		245D10CB1C978B0D004E14EB /* T3E1UITests.swift */ = {isa = PBXFileReference; lastKnownFileType = sourcecode.swift; path = T3E1UITests.swift; sourceTree = "<group>"; };
		245D10CD1C978B0D004E14EB /* Info.plist */ = {isa = PBXFileReference; lastKnownFileType = text.plist.xml; path = Info.plist; sourceTree = "<group>"; };
/* End PBXFileReference section */

/* Begin PBXFrameworksBuildPhase section */
		245D10A11C978B0D004E14EB /* Frameworks */ = {
			isa = PBXFrameworksBuildPhase;
			buildActionMask = 2147483647;
			files = (
			);
			runOnlyForDeploymentPostprocessing = 0;
		};
		245D10B91C978B0D004E14EB /* Frameworks */ = {
			isa = PBXFrameworksBuildPhase;
			buildActionMask = 2147483647;
			files = (
			);
			runOnlyForDeploymentPostprocessing = 0;
		};
		245D10C41C978B0D004E14EB /* Frameworks */ = {
			isa = PBXFrameworksBuildPhase;
			buildActionMask = 2147483647;
			files = (
			);
			runOnlyForDeploymentPostprocessing = 0;
		};
/* End PBXFrameworksBuildPhase section */

/* Begin PBXGroup section */
		245D109B1C978B0D004E14EB = {
			isa = PBXGroup;
			children = (
				245D10A61C978B0D004E14EB /* T3E1 */,
				245D10BF1C978B0D004E14EB /* T3E1Tests */,
				245D10CA1C978B0D004E14EB /* T3E1UITests */,
				245D10A51C978B0D004E14EB /* Products */,
			);
			sourceTree = "<group>";
		};
		245D10A51C978B0D004E14EB /* Products */ = {
			isa = PBXGroup;
			children = (
				245D10A41C978B0D004E14EB /* T3E1.app */,
				245D10BC1C978B0D004E14EB /* T3E1Tests.xctest */,
				245D10C71C978B0D004E14EB /* T3E1UITests.xctest */,
			);
			name = Products;
			sourceTree = "<group>";
		};
		245D10A61C978B0D004E14EB /* T3E1 */ = {
			isa = PBXGroup;
			children = (
				245D10A71C978B0D004E14EB /* AppDelegate.swift */,
				245D10A91C978B0D004E14EB /* RootViewController.swift */,
				245D10AB1C978B0D004E14EB /* DataViewController.swift */,
				245D10AD1C978B0D004E14EB /* ModelController.swift */,
				245D10AF1C978B0D004E14EB /* Main.storyboard */,
				245D10B21C978B0D004E14EB /* Assets.xcassets */,
				245D10B41C978B0D004E14EB /* LaunchScreen.storyboard */,
				245D10B71C978B0D004E14EB /* Info.plist */,
			);
			path = T3E1;
			sourceTree = "<group>";
		};
		245D10BF1C978B0D004E14EB /* T3E1Tests */ = {
			isa = PBXGroup;
			children = (
				245D10C01C978B0D004E14EB /* T3E1Tests.swift */,
				245D10C21C978B0D004E14EB /* Info.plist */,
			);
			path = T3E1Tests;
			sourceTree = "<group>";
		};
		245D10CA1C978B0D004E14EB /* T3E1UITests */ = {
			isa = PBXGroup;
			children = (
				245D10CB1C978B0D004E14EB /* T3E1UITests.swift */,
				245D10CD1C978B0D004E14EB /* Info.plist */,
			);
			path = T3E1UITests;
			sourceTree = "<group>";
		};
/* End PBXGroup section */

/* Begin PBXNativeTarget section */
		245D10A31C978B0D004E14EB /* T3E1 */ = {
			isa = PBXNativeTarget;
			buildConfigurationList = 245D10D01C978B0D004E14EB /* Build configuration list for PBXNativeTarget "T3E1" */;
			buildPhases = (
				245D10A01C978B0D004E14EB /* Sources */,
				245D10A11C978B0D004E14EB /* Frameworks */,
				245D10A21C978B0D004E14EB /* Resources */,
			);
			buildRules = (
			);
			dependencies = (
			);
			name = T3E1;
			productName = T3E1;
			productReference = 245D10A41C978B0D004E14EB /* T3E1.app */;
			productType = "com.apple.product-type.application";
		};
		245D10BB1C978B0D004E14EB /* T3E1Tests */ = {
			isa = PBXNativeTarget;
			buildConfigurationList = 245D10D31C978B0D004E14EB /* Build configuration list for PBXNativeTarget "T3E1Tests" */;
			buildPhases = (
				245D10B81C978B0D004E14EB /* Sources */,
				245D10B91C978B0D004E14EB /* Frameworks */,
				245D10BA1C978B0D004E14EB /* Resources */,
			);
			buildRules = (
			);
			dependencies = (
				245D10BE1C978B0D004E14EB /* PBXTargetDependency */,
			);
			name = T3E1Tests;
			productName = T3E1Tests;
			productReference = 245D10BC1C978B0D004E14EB /* T3E1Tests.xctest */;
			productType = "com.apple.product-type.bundle.unit-test";
		};
		245D10C61C978B0D004E14EB /* T3E1UITests */ = {
			isa = PBXNativeTarget;
			buildConfigurationList = 245D10D61C978B0D004E14EB /* Build configuration list for PBXNativeTarget "T3E1UITests" */;
			buildPhases = (
				245D10C31C978B0D004E14EB /* Sources */,
				245D10C41C978B0D004E14EB /* Frameworks */,
				245D10C51C978B0D004E14EB /* Resources */,
			);
			buildRules = (
			);
			dependencies = (
				245D10C91C978B0D004E14EB /* PBXTargetDependency */,
			);
			name = T3E1UITests;
			productName = T3E1UITests;
			productReference = 245D10C71C978B0D004E14EB /* T3E1UITests.xctest */;
			productType = "com.apple.product-type.bundle.ui-testing";
		};
/* End PBXNativeTarget section */

/* Begin PBXProject section */
		245D109C1C978B0D004E14EB /* Project object */ = {
			isa = PBXProject;
			attributes = {
				LastSwiftUpdateCheck = 0720;
				LastUpgradeCheck = 0720;
				ORGANIZATIONNAME = "Cristian Contreras Velásquez";
				TargetAttributes = {
					245D10A31C978B0D004E14EB = {
						CreatedOnToolsVersion = 7.2.1;
						DevelopmentTeam = LF68Z3YD8E;
					};
					245D10BB1C978B0D004E14EB = {
						CreatedOnToolsVersion = 7.2.1;
						DevelopmentTeam = LF68Z3YD8E;
						TestTargetID = 245D10A31C978B0D004E14EB;
					};
					245D10C61C978B0D004E14EB = {
						CreatedOnToolsVersion = 7.2.1;
						DevelopmentTeam = LF68Z3YD8E;
						TestTargetID = 245D10A31C978B0D004E14EB;
					};
				};
			};
			buildConfigurationList = 245D109F1C978B0D004E14EB /* Build configuration list for PBXProject "T3E1" */;
			compatibilityVersion = "Xcode 3.2";
			developmentRegion = English;
			hasScannedForEncodings = 0;
			knownRegions = (
				en,
				Base,
			);
			mainGroup = 245D109B1C978B0D004E14EB;
			productRefGroup = 245D10A51C978B0D004E14EB /* Products */;
			projectDirPath = "";
			projectRoot = "";
			targets = (
				245D10A31C978B0D004E14EB /* T3E1 */,
				245D10BB1C978B0D004E14EB /* T3E1Tests */,
				245D10C61C978B0D004E14EB /* T3E1UITests */,
			);
		};
/* End PBXProject section */

/* Begin PBXResourcesBuildPhase section */
		245D10A21C978B0D004E14EB /* Resources */ = {
			isa = PBXResourcesBuildPhase;
			buildActionMask = 2147483647;
			files = (
				245D10B61C978B0D004E14EB /* LaunchScreen.storyboard in Resources */,
				245D10B31C978B0D004E14EB /* Assets.xcassets in Resources */,
				245D10B11C978B0D004E14EB /* Main.storyboard in Resources */,
			);
			runOnlyForDeploymentPostprocessing = 0;
		};
		245D10BA1C978B0D004E14EB /* Resources */ = {
			isa = PBXResourcesBuildPhase;
			buildActionMask = 2147483647;
			files = (
			);
			runOnlyForDeploymentPostprocessing = 0;
		};
		245D10C51C978B0D004E14EB /* Resources */ = {
			isa = PBXResourcesBuildPhase;
			buildActionMask = 2147483647;
			files = (
			);
			runOnlyForDeploymentPostprocessing = 0;
		};
/* End PBXResourcesBuildPhase section */

/* Begin PBXSourcesBuildPhase section */
		245D10A01C978B0D004E14EB /* Sources */ = {
			isa = PBXSourcesBuildPhase;
			buildActionMask = 2147483647;
			files = (
				245D10AA1C978B0D004E14EB /* RootViewController.swift in Sources */,
				245D10AE1C978B0D004E14EB /* ModelController.swift in Sources */,
				245D10AC1C978B0D004E14EB /* DataViewController.swift in Sources */,
				245D10A81C978B0D004E14EB /* AppDelegate.swift in Sources */,
			);
			runOnlyForDeploymentPostprocessing = 0;
		};
		245D10B81C978B0D004E14EB /* Sources */ = {
			isa = PBXSourcesBuildPhase;
			buildActionMask = 2147483647;
			files = (
				245D10C11C978B0D004E14EB /* T3E1Tests.swift in Sources */,
			);
			runOnlyForDeploymentPostprocessing = 0;
		};
		245D10C31C978B0D004E14EB /* Sources */ = {
			isa = PBXSourcesBuildPhase;
			buildActionMask = 2147483647;
			files = (
				245D10CC1C978B0D004E14EB /* T3E1UITests.swift in Sources */,
			);
			runOnlyForDeploymentPostprocessing = 0;
		};
/* End PBXSourcesBuildPhase section */

/* Begin PBXTargetDependency section */
		245D10BE1C978B0D004E14EB /* PBXTargetDependency */ = {
			isa = PBXTargetDependency;
			target = 245D10A31C978B0D004E14EB /* T3E1 */;
			targetProxy = 245D10BD1C978B0D004E14EB /* PBXContainerItemProxy */;
		};
		245D10C91C978B0D004E14EB /* PBXTargetDependency */ = {
			isa = PBXTargetDependency;
			target = 245D10A31C978B0D004E14EB /* T3E1 */;
			targetProxy = 245D10C81C978B0D004E14EB /* PBXContainerItemProxy */;
		};
/* End PBXTargetDependency section */

/* Begin PBXVariantGroup section */
		245D10AF1C978B0D004E14EB /* Main.storyboard */ = {
			isa = PBXVariantGroup;
			children = (
				245D10B01C978B0D004E14EB /* Base */,
			);
			name = Main.storyboard;
			sourceTree = "<group>";
		};
		245D10B41C978B0D004E14EB /* LaunchScreen.storyboard */ = {
			isa = PBXVariantGroup;
			children = (
				245D10B51C978B0D004E14EB /* Base */,
			);
			name = LaunchScreen.storyboard;
			sourceTree = "<group>";
		};
/* End PBXVariantGroup section */

/* Begin XCBuildConfiguration section */
		245D10CE1C978B0D004E14EB /* Debug */ = {
			isa = XCBuildConfiguration;
			buildSettings = {
				ALWAYS_SEARCH_USER_PATHS = NO;
				CLANG_CXX_LANGUAGE_STANDARD = "gnu++0x";
				CLANG_CXX_LIBRARY = "libc++";
				CLANG_ENABLE_MODULES = YES;
				CLANG_ENABLE_OBJC_ARC = YES;
				CLANG_WARN_BOOL_CONVERSION = YES;
				CLANG_WARN_CONSTANT_CONVERSION = YES;
				CLANG_WARN_DIRECT_OBJC_ISA_USAGE = YES_ERROR;
				CLANG_WARN_EMPTY_BODY = YES;
				CLANG_WARN_ENUM_CONVERSION = YES;
				CLANG_WARN_INT_CONVERSION = YES;
				CLANG_WARN_OBJC_ROOT_CLASS = YES_ERROR;
				CLANG_WARN_UNREACHABLE_CODE = YES;
				CLANG_WARN__DUPLICATE_METHOD_MATCH = YES;
				"CODE_SIGN_IDENTITY[sdk=iphoneos*]" = "iPhone Developer";
				COPY_PHASE_STRIP = NO;
				DEBUG_INFORMATION_FORMAT = dwarf;
				ENABLE_STRICT_OBJC_MSGSEND = YES;
				ENABLE_TESTABILITY = YES;
				GCC_C_LANGUAGE_STANDARD = gnu99;
				GCC_DYNAMIC_NO_PIC = NO;
				GCC_NO_COMMON_BLOCKS = YES;
				GCC_OPTIMIZATION_LEVEL = 0;
				GCC_PREPROCESSOR_DEFINITIONS = (
					"DEBUG=1",
					"$(inherited)",
				);
				GCC_WARN_64_TO_32_BIT_CONVERSION = YES;
				GCC_WARN_ABOUT_RETURN_TYPE = YES_ERROR;
				GCC_WARN_UNDECLARED_SELECTOR = YES;
				GCC_WARN_UNINITIALIZED_AUTOS = YES_AGGRESSIVE;
				GCC_WARN_UNUSED_FUNCTION = YES;
				GCC_WARN_UNUSED_VARIABLE = YES;
				IPHONEOS_DEPLOYMENT_TARGET = 9.2;
				MTL_ENABLE_DEBUG_INFO = YES;
				ONLY_ACTIVE_ARCH = YES;
				SDKROOT = iphoneos;
				SWIFT_OPTIMIZATION_LEVEL = "-Onone";
			};
			name = Debug;
		};
		245D10CF1C978B0D004E14EB /* Release */ = {
			isa = XCBuildConfiguration;
			buildSettings = {
				ALWAYS_SEARCH_USER_PATHS = NO;
				CLANG_CXX_LANGUAGE_STANDARD = "gnu++0x";
				CLANG_CXX_LIBRARY = "libc++";
				CLANG_ENABLE_MODULES = YES;
				CLANG_ENABLE_OBJC_ARC = YES;
				CLANG_WARN_BOOL_CONVERSION = YES;
				CLANG_WARN_CONSTANT_CONVERSION = YES;
				CLANG_WARN_DIRECT_OBJC_ISA_USAGE = YES_ERROR;
				CLANG_WARN_EMPTY_BODY = YES;
				CLANG_WARN_ENUM_CONVERSION = YES;
				CLANG_WARN_INT_CONVERSION = YES;
				CLANG_WARN_OBJC_ROOT_CLASS = YES_ERROR;
				CLANG_WARN_UNREACHABLE_CODE = YES;
				CLANG_WARN__DUPLICATE_METHOD_MATCH = YES;
				"CODE_SIGN_IDENTITY[sdk=iphoneos*]" = "iPhone Developer";
				COPY_PHASE_STRIP = NO;
				DEBUG_INFORMATION_FORMAT = "dwarf-with-dsym";
				ENABLE_NS_ASSERTIONS = NO;
				ENABLE_STRICT_OBJC_MSGSEND = YES;
				GCC_C_LANGUAGE_STANDARD = gnu99;
				GCC_NO_COMMON_BLOCKS = YES;
				GCC_WARN_64_TO_32_BIT_CONVERSION = YES;
				GCC_WARN_ABOUT_RETURN_TYPE = YES_ERROR;
				GCC_WARN_UNDECLARED_SELECTOR = YES;
				GCC_WARN_UNINITIALIZED_AUTOS = YES_AGGRESSIVE;
				GCC_WARN_UNUSED_FUNCTION = YES;
				GCC_WARN_UNUSED_VARIABLE = YES;
				IPHONEOS_DEPLOYMENT_TARGET = 9.2;
				MTL_ENABLE_DEBUG_INFO = NO;
				SDKROOT = iphoneos;
				VALIDATE_PRODUCT = YES;
			};
			name = Release;
		};
		245D10D11C978B0D004E14EB /* Debug */ = {
			isa = XCBuildConfiguration;
			buildSettings = {
				ASSETCATALOG_COMPILER_APPICON_NAME = AppIcon;
				INFOPLIST_FILE = T3E1/Info.plist;
				LD_RUNPATH_SEARCH_PATHS = "$(inherited) @executable_path/Frameworks";
				PRODUCT_BUNDLE_IDENTIFIER = "ccv-corp.T3E1";
				PRODUCT_NAME = "$(TARGET_NAME)";
			};
			name = Debug;
		};
		245D10D21C978B0D004E14EB /* Release */ = {
			isa = XCBuildConfiguration;
			buildSettings = {
				ASSETCATALOG_COMPILER_APPICON_NAME = AppIcon;
				INFOPLIST_FILE = T3E1/Info.plist;
				LD_RUNPATH_SEARCH_PATHS = "$(inherited) @executable_path/Frameworks";
				PRODUCT_BUNDLE_IDENTIFIER = "ccv-corp.T3E1";
				PRODUCT_NAME = "$(TARGET_NAME)";
			};
			name = Release;
		};
		245D10D41C978B0D004E14EB /* Debug */ = {
			isa = XCBuildConfiguration;
			buildSettings = {
				BUNDLE_LOADER = "$(TEST_HOST)";
				INFOPLIST_FILE = T3E1Tests/Info.plist;
				LD_RUNPATH_SEARCH_PATHS = "$(inherited) @executable_path/Frameworks @loader_path/Frameworks";
				PRODUCT_BUNDLE_IDENTIFIER = "ccv-corp.T3E1Tests";
				PRODUCT_NAME = "$(TARGET_NAME)";
				TEST_HOST = "$(BUILT_PRODUCTS_DIR)/T3E1.app/T3E1";
			};
			name = Debug;
		};
		245D10D51C978B0D004E14EB /* Release */ = {
			isa = XCBuildConfiguration;
			buildSettings = {
				BUNDLE_LOADER = "$(TEST_HOST)";
				INFOPLIST_FILE = T3E1Tests/Info.plist;
				LD_RUNPATH_SEARCH_PATHS = "$(inherited) @executable_path/Frameworks @loader_path/Frameworks";
				PRODUCT_BUNDLE_IDENTIFIER = "ccv-corp.T3E1Tests";
				PRODUCT_NAME = "$(TARGET_NAME)";
				TEST_HOST = "$(BUILT_PRODUCTS_DIR)/T3E1.app/T3E1";
			};
			name = Release;
		};
		245D10D71C978B0D004E14EB /* Debug */ = {
			isa = XCBuildConfiguration;
			buildSettings = {
				INFOPLIST_FILE = T3E1UITests/Info.plist;
				LD_RUNPATH_SEARCH_PATHS = "$(inherited) @executable_path/Frameworks @loader_path/Frameworks";
				PRODUCT_BUNDLE_IDENTIFIER = "ccv-corp.T3E1UITests";
				PRODUCT_NAME = "$(TARGET_NAME)";
				TEST_TARGET_NAME = T3E1;
				USES_XCTRUNNER = YES;
			};
			name = Debug;
		};
		245D10D81C978B0D004E14EB /* Release */ = {
			isa = XCBuildConfiguration;
			buildSettings = {
				INFOPLIST_FILE = T3E1UITests/Info.plist;
				LD_RUNPATH_SEARCH_PATHS = "$(inherited) @executable_path/Frameworks @loader_path/Frameworks";
				PRODUCT_BUNDLE_IDENTIFIER = "ccv-corp.T3E1UITests";
				PRODUCT_NAME = "$(TARGET_NAME)";
				TEST_TARGET_NAME = T3E1;
				USES_XCTRUNNER = YES;
			};
			name = Release;
		};
/* End XCBuildConfiguration section */

/* Begin XCConfigurationList section */
		245D109F1C978B0D004E14EB /* Build configuration list for PBXProject "T3E1" */ = {
			isa = XCConfigurationList;
			buildConfigurations = (
				245D10CE1C978B0D004E14EB /* Debug */,
				245D10CF1C978B0D004E14EB /* Release */,
			);
			defaultConfigurationIsVisible = 0;
			defaultConfigurationName = Release;
		};
		245D10D01C978B0D004E14EB /* Build configuration list for PBXNativeTarget "T3E1" */ = {
			isa = XCConfigurationList;
			buildConfigurations = (
				245D10D11C978B0D004E14EB /* Debug */,
				245D10D21C978B0D004E14EB /* Release */,
			);
			defaultConfigurationIsVisible = 0;
		};
		245D10D31C978B0D004E14EB /* Build configuration list for PBXNativeTarget "T3E1Tests" */ = {
			isa = XCConfigurationList;
			buildConfigurations = (
				245D10D41C978B0D004E14EB /* Debug */,
				245D10D51C978B0D004E14EB /* Release */,
			);
			defaultConfigurationIsVisible = 0;
		};
		245D10D61C978B0D004E14EB /* Build configuration list for PBXNativeTarget "T3E1UITests" */ = {
			isa = XCConfigurationList;
			buildConfigurations = (
				245D10D71C978B0D004E14EB /* Debug */,
				245D10D81C978B0D004E14EB /* Release */,
			);
			defaultConfigurationIsVisible = 0;
		};
/* End XCConfigurationList section */
	};
	rootObject = 245D109C1C978B0D004E14EB /* Project object */;
}
